// !$*UTF8*$!
{
	archiveVersion = 1;
	classes = {
	};
	objectVersion = 48;
	objects = {

/* Begin PBXBuildFile section */
		8E3AE80B2011C39D002303EA /* AppDelegate.swift in Sources */ = {isa = PBXBuildFile; fileRef = 8E3AE80A2011C39D002303EA /* AppDelegate.swift */; };
		8E3AE80D2011C39D002303EA /* ChatViewController.swift in Sources */ = {isa = PBXBuildFile; fileRef = 8E3AE80C2011C39D002303EA /* ChatViewController.swift */; };
		8E3AE8102011C39D002303EA /* Main.storyboard in Resources */ = {isa = PBXBuildFile; fileRef = 8E3AE80E2011C39D002303EA /* Main.storyboard */; };
		8E3AE8122011C39D002303EA /* Assets.xcassets in Resources */ = {isa = PBXBuildFile; fileRef = 8E3AE8112011C39D002303EA /* Assets.xcassets */; };
		8E3AE8152011C39D002303EA /* LaunchScreen.storyboard in Resources */ = {isa = PBXBuildFile; fileRef = 8E3AE8132011C39D002303EA /* LaunchScreen.storyboard */; };
		8EA9E96C2011D83300E282E5 /* WelcomeViewController.swift in Sources */ = {isa = PBXBuildFile; fileRef = 8EA9E96B2011D83300E282E5 /* WelcomeViewController.swift */; };
		8EA9E970201337EC00E282E5 /* Message.swift in Sources */ = {isa = PBXBuildFile; fileRef = 8EA9E96F201337EC00E282E5 /* Message.swift */; };
		8EA9E977201345B800E282E5 /* CustomMessageCell.swift in Sources */ = {isa = PBXBuildFile; fileRef = 8EA9E975201345B800E282E5 /* CustomMessageCell.swift */; };
		8EA9E978201345B800E282E5 /* MessageCell.xib in Resources */ = {isa = PBXBuildFile; fileRef = 8EA9E976201345B800E282E5 /* MessageCell.xib */; };
		8EA9E97A2013488900E282E5 /* GoogleService-Info.plist in Resources */ = {isa = PBXBuildFile; fileRef = 8EA9E9792013488900E282E5 /* GoogleService-Info.plist */; };
		E825D0782A91138D0D323DAD /* Pods_Infilingual.framework in Frameworks */ = {isa = PBXBuildFile; fileRef = 4A4848EB7BABBF34C3775E57 /* Pods_Infilingual.framework */; };
/* End PBXBuildFile section */

/* Begin PBXFileReference section */
		229626A24339F984D3D82EB5 /* Pods-Infilingual.release.xcconfig */ = {isa = PBXFileReference; includeInIndex = 1; lastKnownFileType = text.xcconfig; name = "Pods-Infilingual.release.xcconfig"; path = "Pods/Target Support Files/Pods-Infilingual/Pods-Infilingual.release.xcconfig"; sourceTree = "<group>"; };
		4A4848EB7BABBF34C3775E57 /* Pods_Infilingual.framework */ = {isa = PBXFileReference; explicitFileType = wrapper.framework; includeInIndex = 0; path = Pods_Infilingual.framework; sourceTree = BUILT_PRODUCTS_DIR; };
		8E3AE8072011C39D002303EA /* Infilingual.app */ = {isa = PBXFileReference; explicitFileType = wrapper.application; includeInIndex = 0; path = Infilingual.app; sourceTree = BUILT_PRODUCTS_DIR; };
		8E3AE80A2011C39D002303EA /* AppDelegate.swift */ = {isa = PBXFileReference; lastKnownFileType = sourcecode.swift; path = AppDelegate.swift; sourceTree = "<group>"; };
		8E3AE80C2011C39D002303EA /* ChatViewController.swift */ = {isa = PBXFileReference; lastKnownFileType = sourcecode.swift; path = ChatViewController.swift; sourceTree = "<group>"; };
		8E3AE80F2011C39D002303EA /* Base */ = {isa = PBXFileReference; lastKnownFileType = file.storyboard; name = Base; path = Base.lproj/Main.storyboard; sourceTree = "<group>"; };
		8E3AE8112011C39D002303EA /* Assets.xcassets */ = {isa = PBXFileReference; lastKnownFileType = folder.assetcatalog; path = Assets.xcassets; sourceTree = "<group>"; };
		8E3AE8142011C39D002303EA /* Base */ = {isa = PBXFileReference; lastKnownFileType = file.storyboard; name = Base; path = Base.lproj/LaunchScreen.storyboard; sourceTree = "<group>"; };
		8E3AE8162011C39D002303EA /* Info.plist */ = {isa = PBXFileReference; lastKnownFileType = text.plist.xml; path = Info.plist; sourceTree = "<group>"; };
		8EA9E96B2011D83300E282E5 /* WelcomeViewController.swift */ = {isa = PBXFileReference; lastKnownFileType = sourcecode.swift; path = WelcomeViewController.swift; sourceTree = "<group>"; };
		8EA9E96F201337EC00E282E5 /* Message.swift */ = {isa = PBXFileReference; lastKnownFileType = sourcecode.swift; path = Message.swift; sourceTree = "<group>"; };
		8EA9E975201345B800E282E5 /* CustomMessageCell.swift */ = {isa = PBXFileReference; fileEncoding = 4; lastKnownFileType = sourcecode.swift; path = CustomMessageCell.swift; sourceTree = "<group>"; };
		8EA9E976201345B800E282E5 /* MessageCell.xib */ = {isa = PBXFileReference; fileEncoding = 4; lastKnownFileType = file.xib; path = MessageCell.xib; sourceTree = "<group>"; };
		8EA9E9792013488900E282E5 /* GoogleService-Info.plist */ = {isa = PBXFileReference; fileEncoding = 4; lastKnownFileType = text.plist.xml; path = "GoogleService-Info.plist"; sourceTree = "<group>"; };
		F3DC130B8EA6B2CBFDAAFD38 /* Pods-Infilingual.debug.xcconfig */ = {isa = PBXFileReference; includeInIndex = 1; lastKnownFileType = text.xcconfig; name = "Pods-Infilingual.debug.xcconfig"; path = "Pods/Target Support Files/Pods-Infilingual/Pods-Infilingual.debug.xcconfig"; sourceTree = "<group>"; };
/* End PBXFileReference section */

/* Begin PBXFrameworksBuildPhase section */
		8E3AE8042011C39D002303EA /* Frameworks */ = {
			isa = PBXFrameworksBuildPhase;
			buildActionMask = 2147483647;
			files = (
				E825D0782A91138D0D323DAD /* Pods_Infilingual.framework in Frameworks */,
			);
			runOnlyForDeploymentPostprocessing = 0;
		};
/* End PBXFrameworksBuildPhase section */

/* Begin PBXGroup section */
		43A3E5F80D73BBC6705733E6 /* Pods */ = {
			isa = PBXGroup;
			children = (
				F3DC130B8EA6B2CBFDAAFD38 /* Pods-Infilingual.debug.xcconfig */,
				229626A24339F984D3D82EB5 /* Pods-Infilingual.release.xcconfig */,
			);
			name = Pods;
			sourceTree = "<group>";
		};
		8E3AE7FE2011C39D002303EA = {
			isa = PBXGroup;
			children = (
				8E3AE8092011C39D002303EA /* Infilingual */,
				8E3AE8082011C39D002303EA /* Products */,
				43A3E5F80D73BBC6705733E6 /* Pods */,
				D1FECA1EAE8AC3C419D47A80 /* Frameworks */,
			);
			sourceTree = "<group>";
		};
		8E3AE8082011C39D002303EA /* Products */ = {
			isa = PBXGroup;
			children = (
				8E3AE8072011C39D002303EA /* Infilingual.app */,
			);
			name = Products;
			sourceTree = "<group>";
		};
		8E3AE8092011C39D002303EA /* Infilingual */ = {
			isa = PBXGroup;
			children = (
				8E3AE8112011C39D002303EA /* Assets.xcassets */,
				8EA9E9792013488900E282E5 /* GoogleService-Info.plist */,
				8E3AE8162011C39D002303EA /* Info.plist */,
				8E3AE81E2011C5BB002303EA /* Model */,
				8E3AE81D2011C5B6002303EA /* View */,
				8E3AE81C2011C5AF002303EA /* Controller */,
			);
			path = Infilingual;
			sourceTree = "<group>";
		};
		8E3AE81C2011C5AF002303EA /* Controller */ = {
			isa = PBXGroup;
			children = (
				8E3AE80A2011C39D002303EA /* AppDelegate.swift */,
				8E3AE80C2011C39D002303EA /* ChatViewController.swift */,
				8EA9E96B2011D83300E282E5 /* WelcomeViewController.swift */,
			);
			path = Controller;
			sourceTree = "<group>";
		};
		8E3AE81D2011C5B6002303EA /* View */ = {
			isa = PBXGroup;
			children = (
				8EA9E96D201336D600E282E5 /* Custom Cells */,
				8E3AE80E2011C39D002303EA /* Main.storyboard */,
				8E3AE8132011C39D002303EA /* LaunchScreen.storyboard */,
			);
			path = View;
			sourceTree = "<group>";
		};
		8E3AE81E2011C5BB002303EA /* Model */ = {
			isa = PBXGroup;
			children = (
				8EA9E96F201337EC00E282E5 /* Message.swift */,
			);
			path = Model;
			sourceTree = "<group>";
		};
		8EA9E96D201336D600E282E5 /* Custom Cells */ = {
			isa = PBXGroup;
			children = (
				8EA9E975201345B800E282E5 /* CustomMessageCell.swift */,
				8EA9E976201345B800E282E5 /* MessageCell.xib */,
			);
			path = "Custom Cells";
			sourceTree = "<group>";
		};
		D1FECA1EAE8AC3C419D47A80 /* Frameworks */ = {
			isa = PBXGroup;
			children = (
				4A4848EB7BABBF34C3775E57 /* Pods_Infilingual.framework */,
			);
			name = Frameworks;
			sourceTree = "<group>";
		};
/* End PBXGroup section */

/* Begin PBXNativeTarget section */
		8E3AE8062011C39D002303EA /* Infilingual */ = {
			isa = PBXNativeTarget;
			buildConfigurationList = 8E3AE8192011C39D002303EA /* Build configuration list for PBXNativeTarget "Infilingual" */;
			buildPhases = (
				A13BFAA4C45C12197537571C /* [CP] Check Pods Manifest.lock */,
				8E3AE8032011C39D002303EA /* Sources */,
				8E3AE8042011C39D002303EA /* Frameworks */,
				8E3AE8052011C39D002303EA /* Resources */,
				4E2EA6A67C82F4FC484C946A /* [CP] Embed Pods Frameworks */,
				C5ECE50838FD038A5252ED23 /* [CP] Copy Pods Resources */,
			);
			buildRules = (
			);
			dependencies = (
			);
			name = Infilingual;
			productName = Infilingual;
			productReference = 8E3AE8072011C39D002303EA /* Infilingual.app */;
			productType = "com.apple.product-type.application";
		};
/* End PBXNativeTarget section */

/* Begin PBXProject section */
		8E3AE7FF2011C39D002303EA /* Project object */ = {
			isa = PBXProject;
			attributes = {
				LastSwiftUpdateCheck = 0910;
				LastUpgradeCheck = 0910;
				ORGANIZATIONNAME = "Korman Chen";
				TargetAttributes = {
					8E3AE8062011C39D002303EA = {
						CreatedOnToolsVersion = 9.1;
						ProvisioningStyle = Automatic;
					};
				};
			};
			buildConfigurationList = 8E3AE8022011C39D002303EA /* Build configuration list for PBXProject "Infilingual" */;
			compatibilityVersion = "Xcode 8.0";
			developmentRegion = en;
			hasScannedForEncodings = 0;
			knownRegions = (
				en,
				Base,
			);
			mainGroup = 8E3AE7FE2011C39D002303EA;
			productRefGroup = 8E3AE8082011C39D002303EA /* Products */;
			projectDirPath = "";
			projectRoot = "";
			targets = (
				8E3AE8062011C39D002303EA /* Infilingual */,
			);
		};
/* End PBXProject section */

/* Begin PBXResourcesBuildPhase section */
		8E3AE8052011C39D002303EA /* Resources */ = {
			isa = PBXResourcesBuildPhase;
			buildActionMask = 2147483647;
			files = (
				8E3AE8152011C39D002303EA /* LaunchScreen.storyboard in Resources */,
				8EA9E978201345B800E282E5 /* MessageCell.xib in Resources */,
				8EA9E97A2013488900E282E5 /* GoogleService-Info.plist in Resources */,
				8E3AE8122011C39D002303EA /* Assets.xcassets in Resources */,
				8E3AE8102011C39D002303EA /* Main.storyboard in Resources */,
			);
			runOnlyForDeploymentPostprocessing = 0;
		};
/* End PBXResourcesBuildPhase section */

/* Begin PBXShellScriptBuildPhase section */
		4E2EA6A67C82F4FC484C946A /* [CP] Embed Pods Frameworks */ = {
			isa = PBXShellScriptBuildPhase;
			buildActionMask = 2147483647;
			files = (
			);
			inputPaths = (
				"${SRCROOT}/Pods/Target Support Files/Pods-Infilingual/Pods-Infilingual-frameworks.sh",
				"${BUILT_PRODUCTS_DIR}/Alamofire/Alamofire.framework",
				"${BUILT_PRODUCTS_DIR}/ChameleonFramework/ChameleonFramework.framework",
				"${BUILT_PRODUCTS_DIR}/GTMSessionFetcher/GTMSessionFetcher.framework",
				"${BUILT_PRODUCTS_DIR}/GoogleToolboxForMac/GoogleToolboxForMac.framework",
				"${BUILT_PRODUCTS_DIR}/SVProgressHUD/SVProgressHUD.framework",
				"${BUILT_PRODUCTS_DIR}/SwiftyJSON/SwiftyJSON.framework",
			);
			name = "[CP] Embed Pods Frameworks";
			outputPaths = (
				"${TARGET_BUILD_DIR}/${FRAMEWORKS_FOLDER_PATH}/Alamofire.framework",
				"${TARGET_BUILD_DIR}/${FRAMEWORKS_FOLDER_PATH}/ChameleonFramework.framework",
				"${TARGET_BUILD_DIR}/${FRAMEWORKS_FOLDER_PATH}/GTMSessionFetcher.framework",
				"${TARGET_BUILD_DIR}/${FRAMEWORKS_FOLDER_PATH}/GoogleToolboxForMac.framework",
				"${TARGET_BUILD_DIR}/${FRAMEWORKS_FOLDER_PATH}/SVProgressHUD.framework",
				"${TARGET_BUILD_DIR}/${FRAMEWORKS_FOLDER_PATH}/SwiftyJSON.framework",
			);
			runOnlyForDeploymentPostprocessing = 0;
			shellPath = /bin/sh;
			shellScript = "\"${SRCROOT}/Pods/Target Support Files/Pods-Infilingual/Pods-Infilingual-frameworks.sh\"\n";
			showEnvVarsInLog = 0;
		};
		A13BFAA4C45C12197537571C /* [CP] Check Pods Manifest.lock */ = {
			isa = PBXShellScriptBuildPhase;
			buildActionMask = 2147483647;
			files = (
			);
			inputPaths = (
				"${PODS_PODFILE_DIR_PATH}/Podfile.lock",
				"${PODS_ROOT}/Manifest.lock",
			);
			name = "[CP] Check Pods Manifest.lock";
			outputPaths = (
				"$(DERIVED_FILE_DIR)/Pods-Infilingual-checkManifestLockResult.txt",
			);
			runOnlyForDeploymentPostprocessing = 0;
			shellPath = /bin/sh;
			shellScript = "diff \"${PODS_PODFILE_DIR_PATH}/Podfile.lock\" \"${PODS_ROOT}/Manifest.lock\" > /dev/null\nif [ $? != 0 ] ; then\n    # print error to STDERR\n    echo \"error: The sandbox is not in sync with the Podfile.lock. Run 'pod install' or update your CocoaPods installation.\" >&2\n    exit 1\nfi\n# This output is used by Xcode 'outputs' to avoid re-running this script phase.\necho \"SUCCESS\" > \"${SCRIPT_OUTPUT_FILE_0}\"\n";
			showEnvVarsInLog = 0;
		};
		C5ECE50838FD038A5252ED23 /* [CP] Copy Pods Resources */ = {
			isa = PBXShellScriptBuildPhase;
			buildActionMask = 2147483647;
			files = (
			);
			inputPaths = (
			);
			name = "[CP] Copy Pods Resources";
			outputPaths = (
			);
			runOnlyForDeploymentPostprocessing = 0;
			shellPath = /bin/sh;
			shellScript = "\"${SRCROOT}/Pods/Target Support Files/Pods-Infilingual/Pods-Infilingual-resources.sh\"\n";
			showEnvVarsInLog = 0;
		};
/* End PBXShellScriptBuildPhase section */

/* Begin PBXSourcesBuildPhase section */
		8E3AE8032011C39D002303EA /* Sources */ = {
			isa = PBXSourcesBuildPhase;
			buildActionMask = 2147483647;
			files = (
				8EA9E96C2011D83300E282E5 /* WelcomeViewController.swift in Sources */,
				8EA9E977201345B800E282E5 /* CustomMessageCell.swift in Sources */,
				8EA9E970201337EC00E282E5 /* Message.swift in Sources */,
				8E3AE80D2011C39D002303EA /* ChatViewController.swift in Sources */,
				8E3AE80B2011C39D002303EA /* AppDelegate.swift in Sources */,
			);
			runOnlyForDeploymentPostprocessing = 0;
		};
/* End PBXSourcesBuildPhase section */

/* Begin PBXVariantGroup section */
		8E3AE80E2011C39D002303EA /* Main.storyboard */ = {
			isa = PBXVariantGroup;
			children = (
				8E3AE80F2011C39D002303EA /* Base */,
			);
			name = Main.storyboard;
			sourceTree = "<group>";
		};
		8E3AE8132011C39D002303EA /* LaunchScreen.storyboard */ = {
			isa = PBXVariantGroup;
			children = (
				8E3AE8142011C39D002303EA /* Base */,
			);
			name = LaunchScreen.storyboard;
			sourceTree = "<group>";
		};
/* End PBXVariantGroup section */

/* Begin XCBuildConfiguration section */
		8E3AE8172011C39D002303EA /* Debug */ = {
			isa = XCBuildConfiguration;
			buildSettings = {
				ALWAYS_SEARCH_USER_PATHS = NO;
				CLANG_ANALYZER_NONNULL = YES;
				CLANG_ANALYZER_NUMBER_OBJECT_CONVERSION = YES_AGGRESSIVE;
				CLANG_CXX_LANGUAGE_STANDARD = "gnu++14";
				CLANG_CXX_LIBRARY = "libc++";
				CLANG_ENABLE_MODULES = YES;
				CLANG_ENABLE_OBJC_ARC = YES;
				CLANG_WARN_BLOCK_CAPTURE_AUTORELEASING = YES;
				CLANG_WARN_BOOL_CONVERSION = YES;
				CLANG_WARN_COMMA = YES;
				CLANG_WARN_CONSTANT_CONVERSION = YES;
				CLANG_WARN_DIRECT_OBJC_ISA_USAGE = YES_ERROR;
				CLANG_WARN_DOCUMENTATION_COMMENTS = YES;
				CLANG_WARN_EMPTY_BODY = YES;
				CLANG_WARN_ENUM_CONVERSION = YES;
				CLANG_WARN_INFINITE_RECURSION = YES;
				CLANG_WARN_INT_CONVERSION = YES;
				CLANG_WARN_NON_LITERAL_NULL_CONVERSION = YES;
				CLANG_WARN_OBJC_LITERAL_CONVERSION = YES;
				CLANG_WARN_OBJC_ROOT_CLASS = YES_ERROR;
				CLANG_WARN_RANGE_LOOP_ANALYSIS = YES;
				CLANG_WARN_STRICT_PROTOTYPES = YES;
				CLANG_WARN_SUSPICIOUS_MOVE = YES;
				CLANG_WARN_UNGUARDED_AVAILABILITY = YES_AGGRESSIVE;
				CLANG_WARN_UNREACHABLE_CODE = YES;
				CLANG_WARN__DUPLICATE_METHOD_MATCH = YES;
				CODE_SIGN_IDENTITY = "iPhone Developer";
				COPY_PHASE_STRIP = NO;
				DEBUG_INFORMATION_FORMAT = dwarf;
				ENABLE_STRICT_OBJC_MSGSEND = YES;
				ENABLE_TESTABILITY = YES;
				GCC_C_LANGUAGE_STANDARD = gnu11;
				GCC_DYNAMIC_NO_PIC = NO;
				GCC_NO_COMMON_BLOCKS = YES;
				GCC_OPTIMIZATION_LEVEL = 0;
				GCC_PREPROCESSOR_DEFINITIONS = (
					"DEBUG=1",
					"$(inherited)",
				);
				GCC_WARN_64_TO_32_BIT_CONVERSION = YES;
				GCC_WARN_ABOUT_RETURN_TYPE = YES_ERROR;
				GCC_WARN_UNDECLARED_SELECTOR = YES;
				GCC_WARN_UNINITIALIZED_AUTOS = YES_AGGRESSIVE;
				GCC_WARN_UNUSED_FUNCTION = YES;
				GCC_WARN_UNUSED_VARIABLE = YES;
				IPHONEOS_DEPLOYMENT_TARGET = 11.1;
				MTL_ENABLE_DEBUG_INFO = YES;
				ONLY_ACTIVE_ARCH = YES;
				SDKROOT = iphoneos;
				SWIFT_ACTIVE_COMPILATION_CONDITIONS = DEBUG;
				SWIFT_OPTIMIZATION_LEVEL = "-Onone";
			};
			name = Debug;
		};
		8E3AE8182011C39D002303EA /* Release */ = {
			isa = XCBuildConfiguration;
			buildSettings = {
				ALWAYS_SEARCH_USER_PATHS = NO;
				CLANG_ANALYZER_NONNULL = YES;
				CLANG_ANALYZER_NUMBER_OBJECT_CONVERSION = YES_AGGRESSIVE;
				CLANG_CXX_LANGUAGE_STANDARD = "gnu++14";
				CLANG_CXX_LIBRARY = "libc++";
				CLANG_ENABLE_MODULES = YES;
				CLANG_ENABLE_OBJC_ARC = YES;
				CLANG_WARN_BLOCK_CAPTURE_AUTORELEASING = YES;
				CLANG_WARN_BOOL_CONVERSION = YES;
				CLANG_WARN_COMMA = YES;
				CLANG_WARN_CONSTANT_CONVERSION = YES;
				CLANG_WARN_DIRECT_OBJC_ISA_USAGE = YES_ERROR;
				CLANG_WARN_DOCUMENTATION_COMMENTS = YES;
				CLANG_WARN_EMPTY_BODY = YES;
				CLANG_WARN_ENUM_CONVERSION = YES;
				CLANG_WARN_INFINITE_RECURSION = YES;
				CLANG_WARN_INT_CONVERSION = YES;
				CLANG_WARN_NON_LITERAL_NULL_CONVERSION = YES;
				CLANG_WARN_OBJC_LITERAL_CONVERSION = YES;
				CLANG_WARN_OBJC_ROOT_CLASS = YES_ERROR;
				CLANG_WARN_RANGE_LOOP_ANALYSIS = YES;
				CLANG_WARN_STRICT_PROTOTYPES = YES;
				CLANG_WARN_SUSPICIOUS_MOVE = YES;
				CLANG_WARN_UNGUARDED_AVAILABILITY = YES_AGGRESSIVE;
				CLANG_WARN_UNREACHABLE_CODE = YES;
				CLANG_WARN__DUPLICATE_METHOD_MATCH = YES;
				CODE_SIGN_IDENTITY = "iPhone Developer";
				COPY_PHASE_STRIP = NO;
				DEBUG_INFORMATION_FORMAT = "dwarf-with-dsym";
				ENABLE_NS_ASSERTIONS = NO;
				ENABLE_STRICT_OBJC_MSGSEND = YES;
				GCC_C_LANGUAGE_STANDARD = gnu11;
				GCC_NO_COMMON_BLOCKS = YES;
				GCC_WARN_64_TO_32_BIT_CONVERSION = YES;
				GCC_WARN_ABOUT_RETURN_TYPE = YES_ERROR;
				GCC_WARN_UNDECLARED_SELECTOR = YES;
				GCC_WARN_UNINITIALIZED_AUTOS = YES_AGGRESSIVE;
				GCC_WARN_UNUSED_FUNCTION = YES;
				GCC_WARN_UNUSED_VARIABLE = YES;
				IPHONEOS_DEPLOYMENT_TARGET = 11.1;
				MTL_ENABLE_DEBUG_INFO = NO;
				SDKROOT = iphoneos;
				SWIFT_OPTIMIZATION_LEVEL = "-Owholemodule";
				VALIDATE_PRODUCT = YES;
			};
			name = Release;
		};
		8E3AE81A2011C39D002303EA /* Debug */ = {
			isa = XCBuildConfiguration;
			baseConfigurationReference = F3DC130B8EA6B2CBFDAAFD38 /* Pods-Infilingual.debug.xcconfig */;
			buildSettings = {
				ASSETCATALOG_COMPILER_APPICON_NAME = AppIcon;
				CODE_SIGN_STYLE = Automatic;
				DEVELOPMENT_TEAM = 2J85MR725D;
				INFOPLIST_FILE = Infilingual/Info.plist;
				LD_RUNPATH_SEARCH_PATHS = "$(inherited) @executable_path/Frameworks";
				PRODUCT_BUNDLE_IDENTIFIER = com.KormanChen.Infilingual;
				PRODUCT_NAME = "$(TARGET_NAME)";
				SDKROOT = iphoneos;
				SWIFT_VERSION = 4.0;
				TARGETED_DEVICE_FAMILY = "1,2";
			};
			name = Debug;
		};
		8E3AE81B2011C39D002303EA /* Release */ = {
			isa = XCBuildConfiguration;
			baseConfigurationReference = 229626A24339F984D3D82EB5 /* Pods-Infilingual.release.xcconfig */;
			buildSettings = {
				ASSETCATALOG_COMPILER_APPICON_NAME = AppIcon;
				CODE_SIGN_STYLE = Automatic;
				DEVELOPMENT_TEAM = 2J85MR725D;
				INFOPLIST_FILE = Infilingual/Info.plist;
				LD_RUNPATH_SEARCH_PATHS = "$(inherited) @executable_path/Frameworks";
				PRODUCT_BUNDLE_IDENTIFIER = com.KormanChen.Infilingual;
				PRODUCT_NAME = "$(TARGET_NAME)";
				SDKROOT = iphoneos;
				SWIFT_VERSION = 4.0;
				TARGETED_DEVICE_FAMILY = "1,2";
			};
			name = Release;
		};
/* End XCBuildConfiguration section */

/* Begin XCConfigurationList section */
		8E3AE8022011C39D002303EA /* Build configuration list for PBXProject "Infilingual" */ = {
			isa = XCConfigurationList;
			buildConfigurations = (
				8E3AE8172011C39D002303EA /* Debug */,
				8E3AE8182011C39D002303EA /* Release */,
			);
			defaultConfigurationIsVisible = 0;
			defaultConfigurationName = Release;
		};
		8E3AE8192011C39D002303EA /* Build configuration list for PBXNativeTarget "Infilingual" */ = {
			isa = XCConfigurationList;
			buildConfigurations = (
				8E3AE81A2011C39D002303EA /* Debug */,
				8E3AE81B2011C39D002303EA /* Release */,
			);
			defaultConfigurationIsVisible = 0;
			defaultConfigurationName = Release;
		};
/* End XCConfigurationList section */
	};
	rootObject = 8E3AE7FF2011C39D002303EA /* Project object */;
}
